// !$*UTF8*$!
{
	archiveVersion = 1;
	classes = {
	};
	objectVersion = 46;
	objects = {

/* Begin PBXBuildFile section */
		FE080824182424550056264D /* GHHPodcastModel.m in Sources */ = {isa = PBXBuildFile; fileRef = FE080823182424550056264D /* GHHPodcastModel.m */; };
		FE167621180F3BCC00CA48E2 /* GHHViewPodcastController.m in Sources */ = {isa = PBXBuildFile; fileRef = FE16761F180F3BCC00CA48E2 /* GHHViewPodcastController.m */; };
		FE2F318118076767008910DD /* Foundation.framework in Frameworks */ = {isa = PBXBuildFile; fileRef = FE2F318018076767008910DD /* Foundation.framework */; };
		FE2F318318076767008910DD /* CoreGraphics.framework in Frameworks */ = {isa = PBXBuildFile; fileRef = FE2F318218076767008910DD /* CoreGraphics.framework */; };
		FE2F318518076767008910DD /* UIKit.framework in Frameworks */ = {isa = PBXBuildFile; fileRef = FE2F318418076767008910DD /* UIKit.framework */; };
		FE2F318B18076767008910DD /* InfoPlist.strings in Resources */ = {isa = PBXBuildFile; fileRef = FE2F318918076767008910DD /* InfoPlist.strings */; };
		FE2F318D18076767008910DD /* main.m in Sources */ = {isa = PBXBuildFile; fileRef = FE2F318C18076767008910DD /* main.m */; };
		FE2F319118076767008910DD /* GHHAppDelegate.m in Sources */ = {isa = PBXBuildFile; fileRef = FE2F319018076767008910DD /* GHHAppDelegate.m */; };
		FE2F319418076767008910DD /* Main_iPhone.storyboard in Resources */ = {isa = PBXBuildFile; fileRef = FE2F319218076767008910DD /* Main_iPhone.storyboard */; };
		FE2F319718076767008910DD /* Main_iPad.storyboard in Resources */ = {isa = PBXBuildFile; fileRef = FE2F319518076767008910DD /* Main_iPad.storyboard */; };
		FE2F319A18076767008910DD /* GHHViewController.m in Sources */ = {isa = PBXBuildFile; fileRef = FE2F319918076767008910DD /* GHHViewController.m */; };
		FE2F319C18076767008910DD /* Images.xcassets in Resources */ = {isa = PBXBuildFile; fileRef = FE2F319B18076767008910DD /* Images.xcassets */; };
		FE2F31A318076767008910DD /* XCTest.framework in Frameworks */ = {isa = PBXBuildFile; fileRef = FE2F31A218076767008910DD /* XCTest.framework */; };
		FE2F31A418076767008910DD /* Foundation.framework in Frameworks */ = {isa = PBXBuildFile; fileRef = FE2F318018076767008910DD /* Foundation.framework */; };
		FE2F31A518076767008910DD /* UIKit.framework in Frameworks */ = {isa = PBXBuildFile; fileRef = FE2F318418076767008910DD /* UIKit.framework */; };
		FE2F31AD18076767008910DD /* InfoPlist.strings in Resources */ = {isa = PBXBuildFile; fileRef = FE2F31AB18076767008910DD /* InfoPlist.strings */; };
		FE2F31AF18076767008910DD /* geek_hub_hello_worldTests.m in Sources */ = {isa = PBXBuildFile; fileRef = FE2F31AE18076767008910DD /* geek_hub_hello_worldTests.m */; };
		FE2F8E0518428B4600756DEA /* player-control-slider-progress-left.png in Resources */ = {isa = PBXBuildFile; fileRef = FE2F8E0118428B4600756DEA /* player-control-slider-progress-left.png */; };
		FE2F8E0618428B4600756DEA /* player-control-slider-progress-left@2x.png in Resources */ = {isa = PBXBuildFile; fileRef = FE2F8E0218428B4600756DEA /* player-control-slider-progress-left@2x.png */; };
		FE2F8E0718428B4600756DEA /* player-control-slider-progress-rigth.png in Resources */ = {isa = PBXBuildFile; fileRef = FE2F8E0318428B4600756DEA /* player-control-slider-progress-rigth.png */; };
		FE2F8E0818428B4600756DEA /* player-control-slider-progress-rigth@2x.png in Resources */ = {isa = PBXBuildFile; fileRef = FE2F8E0418428B4600756DEA /* player-control-slider-progress-rigth@2x.png */; };
		FE2F8E0D1842979400756DEA /* player-navigationbar-back-image.png in Resources */ = {isa = PBXBuildFile; fileRef = FE2F8E0B1842979400756DEA /* player-navigationbar-back-image.png */; };
		FE2F8E0E1842979400756DEA /* player-navigationbar-back-image@2x.png in Resources */ = {isa = PBXBuildFile; fileRef = FE2F8E0C1842979400756DEA /* player-navigationbar-back-image@2x.png */; };
		FE2F8E111842AC3100756DEA /* palyer-back-btn.png in Resources */ = {isa = PBXBuildFile; fileRef = FE2F8E0F1842AC3100756DEA /* palyer-back-btn.png */; };
		FE2F8E121842AC3100756DEA /* palyer-back-btn@2x.png in Resources */ = {isa = PBXBuildFile; fileRef = FE2F8E101842AC3100756DEA /* palyer-back-btn@2x.png */; };
		FE391FCF1837F85100F71C62 /* GHHEpisode.m in Sources */ = {isa = PBXBuildFile; fileRef = FE391FCE1837F85100F71C62 /* GHHEpisode.m */; };
		FE391FD91838243300F71C62 /* GHHPodcast.m in Sources */ = {isa = PBXBuildFile; fileRef = FE391FD81838243300F71C62 /* GHHPodcast.m */; };
		FE391FDB1838375200F71C62 /* AVFoundation.framework in Frameworks */ = {isa = PBXBuildFile; fileRef = FE391FDA1838375200F71C62 /* AVFoundation.framework */; };
		FE391FDE1838382C00F71C62 /* test.mp3 in Resources */ = {isa = PBXBuildFile; fileRef = FE391FDD1838382C00F71C62 /* test.mp3 */; };
		FE391FEE1838BC0200F71C62 /* player-control-15@2x.png in Resources */ = {isa = PBXBuildFile; fileRef = FE391FEB1838BC0200F71C62 /* player-control-15@2x.png */; };
		FE391FEF1838BC0200F71C62 /* player-control-pause@2x.png in Resources */ = {isa = PBXBuildFile; fileRef = FE391FEC1838BC0200F71C62 /* player-control-pause@2x.png */; };
		FE391FF01838BC0200F71C62 /* player-control-right@2x.png in Resources */ = {isa = PBXBuildFile; fileRef = FE391FED1838BC0200F71C62 /* player-control-right@2x.png */; };
		FE391FF41838BC2600F71C62 /* player-control-15.png in Resources */ = {isa = PBXBuildFile; fileRef = FE391FF11838BC2600F71C62 /* player-control-15.png */; };
		FE391FF51838BC2600F71C62 /* player-control-pause.png in Resources */ = {isa = PBXBuildFile; fileRef = FE391FF21838BC2600F71C62 /* player-control-pause.png */; };
		FE391FF61838BC2600F71C62 /* player-control-right.png in Resources */ = {isa = PBXBuildFile; fileRef = FE391FF31838BC2600F71C62 /* player-control-right.png */; };
		FE391FF91838BCC900F71C62 /* player-control-button-round-bg.png in Resources */ = {isa = PBXBuildFile; fileRef = FE391FF71838BCC900F71C62 /* player-control-button-round-bg.png */; };
		FE391FFA1838BCC900F71C62 /* player-control-button-round-bg@2x.png in Resources */ = {isa = PBXBuildFile; fileRef = FE391FF81838BCC900F71C62 /* player-control-button-round-bg@2x.png */; };
		FE391FFD1838C23800F71C62 /* player-control-progres.png in Resources */ = {isa = PBXBuildFile; fileRef = FE391FFB1838C23800F71C62 /* player-control-progres.png */; };
		FE391FFE1838C23800F71C62 /* player-control-progres@2x.png in Resources */ = {isa = PBXBuildFile; fileRef = FE391FFC1838C23800F71C62 /* player-control-progres@2x.png */; };
		FE3920011838C88800F71C62 /* player-control-slider-progress.png in Resources */ = {isa = PBXBuildFile; fileRef = FE391FFF1838C88800F71C62 /* player-control-slider-progress.png */; };
		FE3920021838C88800F71C62 /* player-control-slider-progress@2x.png in Resources */ = {isa = PBXBuildFile; fileRef = FE3920001838C88800F71C62 /* player-control-slider-progress@2x.png */; };
		FE392005183BCC5700F71C62 /* player-bg.png in Resources */ = {isa = PBXBuildFile; fileRef = FE392003183BCC5700F71C62 /* player-bg.png */; };
		FE392006183BCC5700F71C62 /* player-bg@2x.png in Resources */ = {isa = PBXBuildFile; fileRef = FE392004183BCC5700F71C62 /* player-bg@2x.png */; };
		FE5BE3DA181B67CC001FF07E /* MKAnnotationView+WebCache.m in Sources */ = {isa = PBXBuildFile; fileRef = FE5BE3BE181B67CC001FF07E /* MKAnnotationView+WebCache.m */; };
		FE5BE3DB181B67CC001FF07E /* NSData+GIF.m in Sources */ = {isa = PBXBuildFile; fileRef = FE5BE3C0181B67CC001FF07E /* NSData+GIF.m */; };
		FE5BE3DC181B67CC001FF07E /* SDImageCache.m in Sources */ = {isa = PBXBuildFile; fileRef = FE5BE3C2181B67CC001FF07E /* SDImageCache.m */; };
		FE5BE3DD181B67CC001FF07E /* SDWebImageCompat.m in Sources */ = {isa = PBXBuildFile; fileRef = FE5BE3C4181B67CC001FF07E /* SDWebImageCompat.m */; };
		FE5BE3DE181B67CC001FF07E /* SDWebImageDecoder.m in Sources */ = {isa = PBXBuildFile; fileRef = FE5BE3C6181B67CC001FF07E /* SDWebImageDecoder.m */; };
		FE5BE3DF181B67CC001FF07E /* SDWebImageDownloader.m in Sources */ = {isa = PBXBuildFile; fileRef = FE5BE3C8181B67CC001FF07E /* SDWebImageDownloader.m */; };
		FE5BE3E0181B67CC001FF07E /* SDWebImageDownloaderOperation.m in Sources */ = {isa = PBXBuildFile; fileRef = FE5BE3CA181B67CC001FF07E /* SDWebImageDownloaderOperation.m */; };
		FE5BE3E1181B67CC001FF07E /* SDWebImageManager.m in Sources */ = {isa = PBXBuildFile; fileRef = FE5BE3CC181B67CC001FF07E /* SDWebImageManager.m */; };
		FE5BE3E2181B67CC001FF07E /* SDWebImagePrefetcher.m in Sources */ = {isa = PBXBuildFile; fileRef = FE5BE3CF181B67CC001FF07E /* SDWebImagePrefetcher.m */; };
		FE5BE3E3181B67CC001FF07E /* UIButton+WebCache.m in Sources */ = {isa = PBXBuildFile; fileRef = FE5BE3D1181B67CC001FF07E /* UIButton+WebCache.m */; };
		FE5BE3E4181B67CC001FF07E /* UIImage+GIF.m in Sources */ = {isa = PBXBuildFile; fileRef = FE5BE3D3181B67CC001FF07E /* UIImage+GIF.m */; };
		FE5BE3E5181B67CC001FF07E /* UIImage+MultiFormat.m in Sources */ = {isa = PBXBuildFile; fileRef = FE5BE3D5181B67CC001FF07E /* UIImage+MultiFormat.m */; };
		FE5BE3E6181B67CC001FF07E /* UIImage+WebP.m in Sources */ = {isa = PBXBuildFile; fileRef = FE5BE3D7181B67CC001FF07E /* UIImage+WebP.m */; };
		FE5BE3E7181B67CC001FF07E /* UIImageView+WebCache.m in Sources */ = {isa = PBXBuildFile; fileRef = FE5BE3D9181B67CC001FF07E /* UIImageView+WebCache.m */; };
		FE7C6427181B22C900C8DF11 /* Reachability.m in Sources */ = {isa = PBXBuildFile; fileRef = FE7C6426181B22C900C8DF11 /* Reachability.m */; };
		FE7C642A181B40A300C8DF11 /* GDataXMLNode.m in Sources */ = {isa = PBXBuildFile; fileRef = FE7C6429181B40A300C8DF11 /* GDataXMLNode.m */; settings = {COMPILER_FLAGS = "-fno-objc-arc"; }; };
		FE7C642C181B44F700C8DF11 /* libxml2.dylib in Frameworks */ = {isa = PBXBuildFile; fileRef = FE7C642B181B44F700C8DF11 /* libxml2.dylib */; };
		FEFDE219181B4F010016C4F5 /* GHHPodcastEpisodeCell.m in Sources */ = {isa = PBXBuildFile; fileRef = FEFDE218181B4F010016C4F5 /* GHHPodcastEpisodeCell.m */; };
/* End PBXBuildFile section */

/* Begin PBXContainerItemProxy section */
		FE2F31A618076767008910DD /* PBXContainerItemProxy */ = {
			isa = PBXContainerItemProxy;
			containerPortal = FE2F317518076767008910DD /* Project object */;
			proxyType = 1;
			remoteGlobalIDString = FE2F317C18076767008910DD;
			remoteInfo = "geek hub hello world";
		};
/* End PBXContainerItemProxy section */

/* Begin PBXFileReference section */
		FE080822182424540056264D /* GHHPodcastModel.h */ = {isa = PBXFileReference; fileEncoding = 4; lastKnownFileType = sourcecode.c.h; path = GHHPodcastModel.h; sourceTree = "<group>"; };
		FE080823182424550056264D /* GHHPodcastModel.m */ = {isa = PBXFileReference; fileEncoding = 4; lastKnownFileType = sourcecode.c.objc; path = GHHPodcastModel.m; sourceTree = "<group>"; };
		FE16761E180F3BCC00CA48E2 /* GHHViewPodcastController.h */ = {isa = PBXFileReference; fileEncoding = 4; lastKnownFileType = sourcecode.c.h; path = GHHViewPodcastController.h; sourceTree = "<group>"; };
		FE16761F180F3BCC00CA48E2 /* GHHViewPodcastController.m */ = {isa = PBXFileReference; fileEncoding = 4; lastKnownFileType = sourcecode.c.objc; path = GHHViewPodcastController.m; sourceTree = "<group>"; };
		FE2F317D18076767008910DD /* geek hub hello world.app */ = {isa = PBXFileReference; explicitFileType = wrapper.application; includeInIndex = 0; path = "geek hub hello world.app"; sourceTree = BUILT_PRODUCTS_DIR; };
		FE2F318018076767008910DD /* Foundation.framework */ = {isa = PBXFileReference; lastKnownFileType = wrapper.framework; name = Foundation.framework; path = System/Library/Frameworks/Foundation.framework; sourceTree = SDKROOT; };
		FE2F318218076767008910DD /* CoreGraphics.framework */ = {isa = PBXFileReference; lastKnownFileType = wrapper.framework; name = CoreGraphics.framework; path = System/Library/Frameworks/CoreGraphics.framework; sourceTree = SDKROOT; };
		FE2F318418076767008910DD /* UIKit.framework */ = {isa = PBXFileReference; lastKnownFileType = wrapper.framework; name = UIKit.framework; path = System/Library/Frameworks/UIKit.framework; sourceTree = SDKROOT; };
		FE2F318818076767008910DD /* geek hub hello world-Info.plist */ = {isa = PBXFileReference; lastKnownFileType = text.plist.xml; path = "geek hub hello world-Info.plist"; sourceTree = "<group>"; };
		FE2F318A18076767008910DD /* en */ = {isa = PBXFileReference; lastKnownFileType = text.plist.strings; name = en; path = en.lproj/InfoPlist.strings; sourceTree = "<group>"; };
		FE2F318C18076767008910DD /* main.m */ = {isa = PBXFileReference; lastKnownFileType = sourcecode.c.objc; path = main.m; sourceTree = "<group>"; };
		FE2F318E18076767008910DD /* geek hub hello world-Prefix.pch */ = {isa = PBXFileReference; lastKnownFileType = sourcecode.c.h; path = "geek hub hello world-Prefix.pch"; sourceTree = "<group>"; };
		FE2F318F18076767008910DD /* GHHAppDelegate.h */ = {isa = PBXFileReference; lastKnownFileType = sourcecode.c.h; path = GHHAppDelegate.h; sourceTree = "<group>"; };
		FE2F319018076767008910DD /* GHHAppDelegate.m */ = {isa = PBXFileReference; lastKnownFileType = sourcecode.c.objc; path = GHHAppDelegate.m; sourceTree = "<group>"; };
		FE2F319318076767008910DD /* Base */ = {isa = PBXFileReference; lastKnownFileType = file.storyboard; name = Base; path = Base.lproj/Main_iPhone.storyboard; sourceTree = "<group>"; };
		FE2F319618076767008910DD /* Base */ = {isa = PBXFileReference; lastKnownFileType = file.storyboard; name = Base; path = Base.lproj/Main_iPad.storyboard; sourceTree = "<group>"; };
		FE2F319818076767008910DD /* GHHViewController.h */ = {isa = PBXFileReference; lastKnownFileType = sourcecode.c.h; path = GHHViewController.h; sourceTree = "<group>"; };
		FE2F319918076767008910DD /* GHHViewController.m */ = {isa = PBXFileReference; lastKnownFileType = sourcecode.c.objc; path = GHHViewController.m; sourceTree = "<group>"; };
		FE2F319B18076767008910DD /* Images.xcassets */ = {isa = PBXFileReference; lastKnownFileType = folder.assetcatalog; path = Images.xcassets; sourceTree = "<group>"; };
		FE2F31A118076767008910DD /* geek hub hello worldTests.xctest */ = {isa = PBXFileReference; explicitFileType = wrapper.cfbundle; includeInIndex = 0; path = "geek hub hello worldTests.xctest"; sourceTree = BUILT_PRODUCTS_DIR; };
		FE2F31A218076767008910DD /* XCTest.framework */ = {isa = PBXFileReference; lastKnownFileType = wrapper.framework; name = XCTest.framework; path = Library/Frameworks/XCTest.framework; sourceTree = DEVELOPER_DIR; };
		FE2F31AA18076767008910DD /* geek hub hello worldTests-Info.plist */ = {isa = PBXFileReference; lastKnownFileType = text.plist.xml; path = "geek hub hello worldTests-Info.plist"; sourceTree = "<group>"; };
		FE2F31AC18076767008910DD /* en */ = {isa = PBXFileReference; lastKnownFileType = text.plist.strings; name = en; path = en.lproj/InfoPlist.strings; sourceTree = "<group>"; };
		FE2F31AE18076767008910DD /* geek_hub_hello_worldTests.m */ = {isa = PBXFileReference; lastKnownFileType = sourcecode.c.objc; path = geek_hub_hello_worldTests.m; sourceTree = "<group>"; };
		FE2F8E0118428B4600756DEA /* player-control-slider-progress-left.png */ = {isa = PBXFileReference; lastKnownFileType = image.png; path = "player-control-slider-progress-left.png"; sourceTree = "<group>"; };
		FE2F8E0218428B4600756DEA /* player-control-slider-progress-left@2x.png */ = {isa = PBXFileReference; lastKnownFileType = image.png; path = "player-control-slider-progress-left@2x.png"; sourceTree = "<group>"; };
		FE2F8E0318428B4600756DEA /* player-control-slider-progress-rigth.png */ = {isa = PBXFileReference; lastKnownFileType = image.png; path = "player-control-slider-progress-rigth.png"; sourceTree = "<group>"; };
		FE2F8E0418428B4600756DEA /* player-control-slider-progress-rigth@2x.png */ = {isa = PBXFileReference; lastKnownFileType = image.png; path = "player-control-slider-progress-rigth@2x.png"; sourceTree = "<group>"; };
		FE2F8E0B1842979400756DEA /* player-navigationbar-back-image.png */ = {isa = PBXFileReference; lastKnownFileType = image.png; path = "player-navigationbar-back-image.png"; sourceTree = "<group>"; };
		FE2F8E0C1842979400756DEA /* player-navigationbar-back-image@2x.png */ = {isa = PBXFileReference; lastKnownFileType = image.png; path = "player-navigationbar-back-image@2x.png"; sourceTree = "<group>"; };
		FE2F8E0F1842AC3100756DEA /* palyer-back-btn.png */ = {isa = PBXFileReference; lastKnownFileType = image.png; path = "palyer-back-btn.png"; sourceTree = "<group>"; };
		FE2F8E101842AC3100756DEA /* palyer-back-btn@2x.png */ = {isa = PBXFileReference; lastKnownFileType = image.png; path = "palyer-back-btn@2x.png"; sourceTree = "<group>"; };
		FE391FCD1837F85100F71C62 /* GHHEpisode.h */ = {isa = PBXFileReference; fileEncoding = 4; lastKnownFileType = sourcecode.c.h; path = GHHEpisode.h; sourceTree = "<group>"; };
		FE391FCE1837F85100F71C62 /* GHHEpisode.m */ = {isa = PBXFileReference; fileEncoding = 4; lastKnownFileType = sourcecode.c.objc; path = GHHEpisode.m; sourceTree = "<group>"; };
		FE391FD71838243300F71C62 /* GHHPodcast.h */ = {isa = PBXFileReference; fileEncoding = 4; lastKnownFileType = sourcecode.c.h; path = GHHPodcast.h; sourceTree = "<group>"; };
		FE391FD81838243300F71C62 /* GHHPodcast.m */ = {isa = PBXFileReference; fileEncoding = 4; lastKnownFileType = sourcecode.c.objc; path = GHHPodcast.m; sourceTree = "<group>"; };
		FE391FDA1838375200F71C62 /* AVFoundation.framework */ = {isa = PBXFileReference; lastKnownFileType = wrapper.framework; name = AVFoundation.framework; path = System/Library/Frameworks/AVFoundation.framework; sourceTree = SDKROOT; };
		FE391FDD1838382C00F71C62 /* test.mp3 */ = {isa = PBXFileReference; lastKnownFileType = audio.mp3; path = test.mp3; sourceTree = "<group>"; };
		FE391FEB1838BC0200F71C62 /* player-control-15@2x.png */ = {isa = PBXFileReference; lastKnownFileType = image.png; path = "player-control-15@2x.png"; sourceTree = "<group>"; };
		FE391FEC1838BC0200F71C62 /* player-control-pause@2x.png */ = {isa = PBXFileReference; lastKnownFileType = image.png; path = "player-control-pause@2x.png"; sourceTree = "<group>"; };
		FE391FED1838BC0200F71C62 /* player-control-right@2x.png */ = {isa = PBXFileReference; lastKnownFileType = image.png; path = "player-control-right@2x.png"; sourceTree = "<group>"; };
		FE391FF11838BC2600F71C62 /* player-control-15.png */ = {isa = PBXFileReference; lastKnownFileType = image.png; path = "player-control-15.png"; sourceTree = "<group>"; };
		FE391FF21838BC2600F71C62 /* player-control-pause.png */ = {isa = PBXFileReference; lastKnownFileType = image.png; path = "player-control-pause.png"; sourceTree = "<group>"; };
		FE391FF31838BC2600F71C62 /* player-control-right.png */ = {isa = PBXFileReference; lastKnownFileType = image.png; path = "player-control-right.png"; sourceTree = "<group>"; };
		FE391FF71838BCC900F71C62 /* player-control-button-round-bg.png */ = {isa = PBXFileReference; lastKnownFileType = image.png; path = "player-control-button-round-bg.png"; sourceTree = "<group>"; };
		FE391FF81838BCC900F71C62 /* player-control-button-round-bg@2x.png */ = {isa = PBXFileReference; lastKnownFileType = image.png; path = "player-control-button-round-bg@2x.png"; sourceTree = "<group>"; };
		FE391FFB1838C23800F71C62 /* player-control-progres.png */ = {isa = PBXFileReference; lastKnownFileType = image.png; path = "player-control-progres.png"; sourceTree = "<group>"; };
		FE391FFC1838C23800F71C62 /* player-control-progres@2x.png */ = {isa = PBXFileReference; lastKnownFileType = image.png; path = "player-control-progres@2x.png"; sourceTree = "<group>"; };
		FE391FFF1838C88800F71C62 /* player-control-slider-progress.png */ = {isa = PBXFileReference; lastKnownFileType = image.png; path = "player-control-slider-progress.png"; sourceTree = "<group>"; };
		FE3920001838C88800F71C62 /* player-control-slider-progress@2x.png */ = {isa = PBXFileReference; lastKnownFileType = image.png; path = "player-control-slider-progress@2x.png"; sourceTree = "<group>"; };
		FE392003183BCC5700F71C62 /* player-bg.png */ = {isa = PBXFileReference; lastKnownFileType = image.png; path = "player-bg.png"; sourceTree = "<group>"; };
		FE392004183BCC5700F71C62 /* player-bg@2x.png */ = {isa = PBXFileReference; lastKnownFileType = image.png; path = "player-bg@2x.png"; sourceTree = "<group>"; };
		FE5BE3BD181B67CC001FF07E /* MKAnnotationView+WebCache.h */ = {isa = PBXFileReference; fileEncoding = 4; lastKnownFileType = sourcecode.c.h; path = "MKAnnotationView+WebCache.h"; sourceTree = "<group>"; };
		FE5BE3BE181B67CC001FF07E /* MKAnnotationView+WebCache.m */ = {isa = PBXFileReference; fileEncoding = 4; lastKnownFileType = sourcecode.c.objc; path = "MKAnnotationView+WebCache.m"; sourceTree = "<group>"; };
		FE5BE3BF181B67CC001FF07E /* NSData+GIF.h */ = {isa = PBXFileReference; fileEncoding = 4; lastKnownFileType = sourcecode.c.h; path = "NSData+GIF.h"; sourceTree = "<group>"; };
		FE5BE3C0181B67CC001FF07E /* NSData+GIF.m */ = {isa = PBXFileReference; fileEncoding = 4; lastKnownFileType = sourcecode.c.objc; path = "NSData+GIF.m"; sourceTree = "<group>"; };
		FE5BE3C1181B67CC001FF07E /* SDImageCache.h */ = {isa = PBXFileReference; fileEncoding = 4; lastKnownFileType = sourcecode.c.h; path = SDImageCache.h; sourceTree = "<group>"; };
		FE5BE3C2181B67CC001FF07E /* SDImageCache.m */ = {isa = PBXFileReference; fileEncoding = 4; lastKnownFileType = sourcecode.c.objc; path = SDImageCache.m; sourceTree = "<group>"; };
		FE5BE3C3181B67CC001FF07E /* SDWebImageCompat.h */ = {isa = PBXFileReference; fileEncoding = 4; lastKnownFileType = sourcecode.c.h; path = SDWebImageCompat.h; sourceTree = "<group>"; };
		FE5BE3C4181B67CC001FF07E /* SDWebImageCompat.m */ = {isa = PBXFileReference; fileEncoding = 4; lastKnownFileType = sourcecode.c.objc; path = SDWebImageCompat.m; sourceTree = "<group>"; };
		FE5BE3C5181B67CC001FF07E /* SDWebImageDecoder.h */ = {isa = PBXFileReference; fileEncoding = 4; lastKnownFileType = sourcecode.c.h; path = SDWebImageDecoder.h; sourceTree = "<group>"; };
		FE5BE3C6181B67CC001FF07E /* SDWebImageDecoder.m */ = {isa = PBXFileReference; fileEncoding = 4; lastKnownFileType = sourcecode.c.objc; path = SDWebImageDecoder.m; sourceTree = "<group>"; };
		FE5BE3C7181B67CC001FF07E /* SDWebImageDownloader.h */ = {isa = PBXFileReference; fileEncoding = 4; lastKnownFileType = sourcecode.c.h; path = SDWebImageDownloader.h; sourceTree = "<group>"; };
		FE5BE3C8181B67CC001FF07E /* SDWebImageDownloader.m */ = {isa = PBXFileReference; fileEncoding = 4; lastKnownFileType = sourcecode.c.objc; path = SDWebImageDownloader.m; sourceTree = "<group>"; };
		FE5BE3C9181B67CC001FF07E /* SDWebImageDownloaderOperation.h */ = {isa = PBXFileReference; fileEncoding = 4; lastKnownFileType = sourcecode.c.h; path = SDWebImageDownloaderOperation.h; sourceTree = "<group>"; };
		FE5BE3CA181B67CC001FF07E /* SDWebImageDownloaderOperation.m */ = {isa = PBXFileReference; fileEncoding = 4; lastKnownFileType = sourcecode.c.objc; path = SDWebImageDownloaderOperation.m; sourceTree = "<group>"; };
		FE5BE3CB181B67CC001FF07E /* SDWebImageManager.h */ = {isa = PBXFileReference; fileEncoding = 4; lastKnownFileType = sourcecode.c.h; path = SDWebImageManager.h; sourceTree = "<group>"; };
		FE5BE3CC181B67CC001FF07E /* SDWebImageManager.m */ = {isa = PBXFileReference; fileEncoding = 4; lastKnownFileType = sourcecode.c.objc; path = SDWebImageManager.m; sourceTree = "<group>"; };
		FE5BE3CD181B67CC001FF07E /* SDWebImageOperation.h */ = {isa = PBXFileReference; fileEncoding = 4; lastKnownFileType = sourcecode.c.h; path = SDWebImageOperation.h; sourceTree = "<group>"; };
		FE5BE3CE181B67CC001FF07E /* SDWebImagePrefetcher.h */ = {isa = PBXFileReference; fileEncoding = 4; lastKnownFileType = sourcecode.c.h; path = SDWebImagePrefetcher.h; sourceTree = "<group>"; };
		FE5BE3CF181B67CC001FF07E /* SDWebImagePrefetcher.m */ = {isa = PBXFileReference; fileEncoding = 4; lastKnownFileType = sourcecode.c.objc; path = SDWebImagePrefetcher.m; sourceTree = "<group>"; };
		FE5BE3D0181B67CC001FF07E /* UIButton+WebCache.h */ = {isa = PBXFileReference; fileEncoding = 4; lastKnownFileType = sourcecode.c.h; path = "UIButton+WebCache.h"; sourceTree = "<group>"; };
		FE5BE3D1181B67CC001FF07E /* UIButton+WebCache.m */ = {isa = PBXFileReference; fileEncoding = 4; lastKnownFileType = sourcecode.c.objc; path = "UIButton+WebCache.m"; sourceTree = "<group>"; };
		FE5BE3D2181B67CC001FF07E /* UIImage+GIF.h */ = {isa = PBXFileReference; fileEncoding = 4; lastKnownFileType = sourcecode.c.h; path = "UIImage+GIF.h"; sourceTree = "<group>"; };
		FE5BE3D3181B67CC001FF07E /* UIImage+GIF.m */ = {isa = PBXFileReference; fileEncoding = 4; lastKnownFileType = sourcecode.c.objc; path = "UIImage+GIF.m"; sourceTree = "<group>"; };
		FE5BE3D4181B67CC001FF07E /* UIImage+MultiFormat.h */ = {isa = PBXFileReference; fileEncoding = 4; lastKnownFileType = sourcecode.c.h; path = "UIImage+MultiFormat.h"; sourceTree = "<group>"; };
		FE5BE3D5181B67CC001FF07E /* UIImage+MultiFormat.m */ = {isa = PBXFileReference; fileEncoding = 4; lastKnownFileType = sourcecode.c.objc; path = "UIImage+MultiFormat.m"; sourceTree = "<group>"; };
		FE5BE3D6181B67CC001FF07E /* UIImage+WebP.h */ = {isa = PBXFileReference; fileEncoding = 4; lastKnownFileType = sourcecode.c.h; path = "UIImage+WebP.h"; sourceTree = "<group>"; };
		FE5BE3D7181B67CC001FF07E /* UIImage+WebP.m */ = {isa = PBXFileReference; fileEncoding = 4; lastKnownFileType = sourcecode.c.objc; path = "UIImage+WebP.m"; sourceTree = "<group>"; };
		FE5BE3D8181B67CC001FF07E /* UIImageView+WebCache.h */ = {isa = PBXFileReference; fileEncoding = 4; lastKnownFileType = sourcecode.c.h; path = "UIImageView+WebCache.h"; sourceTree = "<group>"; };
		FE5BE3D9181B67CC001FF07E /* UIImageView+WebCache.m */ = {isa = PBXFileReference; fileEncoding = 4; lastKnownFileType = sourcecode.c.objc; path = "UIImageView+WebCache.m"; sourceTree = "<group>"; };
		FE7C6425181B22C900C8DF11 /* Reachability.h */ = {isa = PBXFileReference; fileEncoding = 4; lastKnownFileType = sourcecode.c.h; path = Reachability.h; sourceTree = "<group>"; };
		FE7C6426181B22C900C8DF11 /* Reachability.m */ = {isa = PBXFileReference; fileEncoding = 4; lastKnownFileType = sourcecode.c.objc; path = Reachability.m; sourceTree = "<group>"; };
		FE7C6428181B40A300C8DF11 /* GDataXMLNode.h */ = {isa = PBXFileReference; fileEncoding = 4; lastKnownFileType = sourcecode.c.h; path = GDataXMLNode.h; sourceTree = "<group>"; };
		FE7C6429181B40A300C8DF11 /* GDataXMLNode.m */ = {isa = PBXFileReference; fileEncoding = 4; lastKnownFileType = sourcecode.c.objc; path = GDataXMLNode.m; sourceTree = "<group>"; };
		FE7C642B181B44F700C8DF11 /* libxml2.dylib */ = {isa = PBXFileReference; lastKnownFileType = "compiled.mach-o.dylib"; name = libxml2.dylib; path = usr/lib/libxml2.dylib; sourceTree = SDKROOT; };
		FEFDE217181B4F010016C4F5 /* GHHPodcastEpisodeCell.h */ = {isa = PBXFileReference; fileEncoding = 4; lastKnownFileType = sourcecode.c.h; path = GHHPodcastEpisodeCell.h; sourceTree = "<group>"; };
		FEFDE218181B4F010016C4F5 /* GHHPodcastEpisodeCell.m */ = {isa = PBXFileReference; fileEncoding = 4; lastKnownFileType = sourcecode.c.objc; path = GHHPodcastEpisodeCell.m; sourceTree = "<group>"; };
/* End PBXFileReference section */

/* Begin PBXFrameworksBuildPhase section */
		FE2F317A18076767008910DD /* Frameworks */ = {
			isa = PBXFrameworksBuildPhase;
			buildActionMask = 2147483647;
			files = (
				FE391FDB1838375200F71C62 /* AVFoundation.framework in Frameworks */,
				FE7C642C181B44F700C8DF11 /* libxml2.dylib in Frameworks */,
				FE2F318318076767008910DD /* CoreGraphics.framework in Frameworks */,
				FE2F318518076767008910DD /* UIKit.framework in Frameworks */,
				FE2F318118076767008910DD /* Foundation.framework in Frameworks */,
			);
			runOnlyForDeploymentPostprocessing = 0;
		};
		FE2F319E18076767008910DD /* Frameworks */ = {
			isa = PBXFrameworksBuildPhase;
			buildActionMask = 2147483647;
			files = (
				FE2F31A318076767008910DD /* XCTest.framework in Frameworks */,
				FE2F31A518076767008910DD /* UIKit.framework in Frameworks */,
				FE2F31A418076767008910DD /* Foundation.framework in Frameworks */,
			);
			runOnlyForDeploymentPostprocessing = 0;
		};
/* End PBXFrameworksBuildPhase section */

/* Begin PBXGroup section */
		FE080821182423990056264D /* modls */ = {
			isa = PBXGroup;
			children = (
				FE080822182424540056264D /* GHHPodcastModel.h */,
				FE080823182424550056264D /* GHHPodcastModel.m */,
			);
			name = modls;
			sourceTree = "<group>";
		};
		FE2F317418076767008910DD = {
			isa = PBXGroup;
			children = (
				FE5BE3BC181B67CC001FF07E /* SDWebImage */,
				FE2F318618076767008910DD /* geek hub hello world */,
				FE2F31A818076767008910DD /* geek hub hello worldTests */,
				FE2F317F18076767008910DD /* Frameworks */,
				FE2F317E18076767008910DD /* Products */,
			);
			sourceTree = "<group>";
		};
		FE2F317E18076767008910DD /* Products */ = {
			isa = PBXGroup;
			children = (
				FE2F317D18076767008910DD /* geek hub hello world.app */,
				FE2F31A118076767008910DD /* geek hub hello worldTests.xctest */,
			);
			name = Products;
			sourceTree = "<group>";
		};
		FE2F317F18076767008910DD /* Frameworks */ = {
			isa = PBXGroup;
			children = (
				FE391FDA1838375200F71C62 /* AVFoundation.framework */,
				FE7C642B181B44F700C8DF11 /* libxml2.dylib */,
				FE2F318018076767008910DD /* Foundation.framework */,
				FE2F318218076767008910DD /* CoreGraphics.framework */,
				FE2F318418076767008910DD /* UIKit.framework */,
				FE2F31A218076767008910DD /* XCTest.framework */,
			);
			name = Frameworks;
			sourceTree = "<group>";
		};
		FE2F318618076767008910DD /* geek hub hello world */ = {
			isa = PBXGroup;
			children = (
				FE391FDC183837A500F71C62 /* test-audio-files */,
				FE391FD018381A3800F71C62 /* images */,
				FE391FCC1837F81E00F71C62 /* entity */,
				FE080821182423990056264D /* modls */,
				FE7C6428181B40A300C8DF11 /* GDataXMLNode.h */,
				FE7C6429181B40A300C8DF11 /* GDataXMLNode.m */,
				FE7C6425181B22C900C8DF11 /* Reachability.h */,
				FE7C6426181B22C900C8DF11 /* Reachability.m */,
				FEB6C0A2181320B00006DC65 /* ViewControllers */,
				FE2F318F18076767008910DD /* GHHAppDelegate.h */,
				FE2F319018076767008910DD /* GHHAppDelegate.m */,
				FE2F319218076767008910DD /* Main_iPhone.storyboard */,
				FE2F319518076767008910DD /* Main_iPad.storyboard */,
				FE2F319B18076767008910DD /* Images.xcassets */,
				FE2F318718076767008910DD /* Supporting Files */,
				FEFDE217181B4F010016C4F5 /* GHHPodcastEpisodeCell.h */,
				FEFDE218181B4F010016C4F5 /* GHHPodcastEpisodeCell.m */,
			);
			path = "geek hub hello world";
			sourceTree = "<group>";
		};
		FE2F318718076767008910DD /* Supporting Files */ = {
			isa = PBXGroup;
			children = (
				FE2F318818076767008910DD /* geek hub hello world-Info.plist */,
				FE2F318918076767008910DD /* InfoPlist.strings */,
				FE2F318C18076767008910DD /* main.m */,
				FE2F318E18076767008910DD /* geek hub hello world-Prefix.pch */,
			);
			name = "Supporting Files";
			sourceTree = "<group>";
		};
		FE2F31A818076767008910DD /* geek hub hello worldTests */ = {
			isa = PBXGroup;
			children = (
				FE2F31AE18076767008910DD /* geek_hub_hello_worldTests.m */,
				FE2F31A918076767008910DD /* Supporting Files */,
			);
			path = "geek hub hello worldTests";
			sourceTree = "<group>";
		};
		FE2F31A918076767008910DD /* Supporting Files */ = {
			isa = PBXGroup;
			children = (
				FE2F31AA18076767008910DD /* geek hub hello worldTests-Info.plist */,
				FE2F31AB18076767008910DD /* InfoPlist.strings */,
			);
			name = "Supporting Files";
			sourceTree = "<group>";
		};
		FE2F8E0018428B3400756DEA /* slider */ = {
			isa = PBXGroup;
			children = (
				FE2F8E0118428B4600756DEA /* player-control-slider-progress-left.png */,
				FE2F8E0218428B4600756DEA /* player-control-slider-progress-left@2x.png */,
				FE2F8E0318428B4600756DEA /* player-control-slider-progress-rigth.png */,
				FE2F8E0418428B4600756DEA /* player-control-slider-progress-rigth@2x.png */,
			);
			name = slider;
			sourceTree = "<group>";
		};
		FE391FCC1837F81E00F71C62 /* entity */ = {
			isa = PBXGroup;
			children = (
				FE391FCD1837F85100F71C62 /* GHHEpisode.h */,
				FE391FCE1837F85100F71C62 /* GHHEpisode.m */,
				FE391FD71838243300F71C62 /* GHHPodcast.h */,
				FE391FD81838243300F71C62 /* GHHPodcast.m */,
			);
			name = entity;
			sourceTree = "<group>";
		};
		FE391FD018381A3800F71C62 /* images */ = {
			isa = PBXGroup;
			children = (
				FE2F8E0F1842AC3100756DEA /* palyer-back-btn.png */,
				FE2F8E101842AC3100756DEA /* palyer-back-btn@2x.png */,
				FE391FFF1838C88800F71C62 /* player-control-slider-progress.png */,
				FE3920001838C88800F71C62 /* player-control-slider-progress@2x.png */,
				FE391FD6183820D700F71C62 /* bg */,
				FE391FD118381A4600F71C62 /* buttons */,
			);
			name = images;
			sourceTree = "<group>";
		};
		FE391FD118381A4600F71C62 /* buttons */ = {
			isa = PBXGroup;
			children = (
				FE2F8E0B1842979400756DEA /* player-navigationbar-back-image.png */,
				FE2F8E0C1842979400756DEA /* player-navigationbar-back-image@2x.png */,
				FE2F8E0018428B3400756DEA /* slider */,
				FE391FFB1838C23800F71C62 /* player-control-progres.png */,
				FE391FFC1838C23800F71C62 /* player-control-progres@2x.png */,
				FE391FF71838BCC900F71C62 /* player-control-button-round-bg.png */,
				FE391FF81838BCC900F71C62 /* player-control-button-round-bg@2x.png */,
				FE391FF11838BC2600F71C62 /* player-control-15.png */,
				FE391FF21838BC2600F71C62 /* player-control-pause.png */,
				FE391FF31838BC2600F71C62 /* player-control-right.png */,
				FE391FEB1838BC0200F71C62 /* player-control-15@2x.png */,
				FE391FEC1838BC0200F71C62 /* player-control-pause@2x.png */,
				FE391FED1838BC0200F71C62 /* player-control-right@2x.png */,
			);
			name = buttons;
			sourceTree = "<group>";
		};
		FE391FD6183820D700F71C62 /* bg */ = {
			isa = PBXGroup;
			children = (
				FE392003183BCC5700F71C62 /* player-bg.png */,
				FE392004183BCC5700F71C62 /* player-bg@2x.png */,
			);
			name = bg;
			sourceTree = "<group>";
		};
		FE391FDC183837A500F71C62 /* test-audio-files */ = {
			isa = PBXGroup;
			children = (
				FE391FDD1838382C00F71C62 /* test.mp3 */,
			);
			name = "test-audio-files";
			sourceTree = "<group>";
		};
		FE5BE3BC181B67CC001FF07E /* SDWebImage */ = {
			isa = PBXGroup;
			children = (
				FE5BE3BD181B67CC001FF07E /* MKAnnotationView+WebCache.h */,
				FE5BE3BE181B67CC001FF07E /* MKAnnotationView+WebCache.m */,
				FE5BE3BF181B67CC001FF07E /* NSData+GIF.h */,
				FE5BE3C0181B67CC001FF07E /* NSData+GIF.m */,
				FE5BE3C1181B67CC001FF07E /* SDImageCache.h */,
				FE5BE3C2181B67CC001FF07E /* SDImageCache.m */,
				FE5BE3C3181B67CC001FF07E /* SDWebImageCompat.h */,
				FE5BE3C4181B67CC001FF07E /* SDWebImageCompat.m */,
				FE5BE3C5181B67CC001FF07E /* SDWebImageDecoder.h */,
				FE5BE3C6181B67CC001FF07E /* SDWebImageDecoder.m */,
				FE5BE3C7181B67CC001FF07E /* SDWebImageDownloader.h */,
				FE5BE3C8181B67CC001FF07E /* SDWebImageDownloader.m */,
				FE5BE3C9181B67CC001FF07E /* SDWebImageDownloaderOperation.h */,
				FE5BE3CA181B67CC001FF07E /* SDWebImageDownloaderOperation.m */,
				FE5BE3CB181B67CC001FF07E /* SDWebImageManager.h */,
				FE5BE3CC181B67CC001FF07E /* SDWebImageManager.m */,
				FE5BE3CD181B67CC001FF07E /* SDWebImageOperation.h */,
				FE5BE3CE181B67CC001FF07E /* SDWebImagePrefetcher.h */,
				FE5BE3CF181B67CC001FF07E /* SDWebImagePrefetcher.m */,
				FE5BE3D0181B67CC001FF07E /* UIButton+WebCache.h */,
				FE5BE3D1181B67CC001FF07E /* UIButton+WebCache.m */,
				FE5BE3D2181B67CC001FF07E /* UIImage+GIF.h */,
				FE5BE3D3181B67CC001FF07E /* UIImage+GIF.m */,
				FE5BE3D4181B67CC001FF07E /* UIImage+MultiFormat.h */,
				FE5BE3D5181B67CC001FF07E /* UIImage+MultiFormat.m */,
				FE5BE3D6181B67CC001FF07E /* UIImage+WebP.h */,
				FE5BE3D7181B67CC001FF07E /* UIImage+WebP.m */,
				FE5BE3D8181B67CC001FF07E /* UIImageView+WebCache.h */,
				FE5BE3D9181B67CC001FF07E /* UIImageView+WebCache.m */,
			);
			name = SDWebImage;
			path = "geek hub hello world/SDWebImage";
			sourceTree = "<group>";
		};
		FEB6C0A2181320B00006DC65 /* ViewControllers */ = {
			isa = PBXGroup;
			children = (
				FE16761E180F3BCC00CA48E2 /* GHHViewPodcastController.h */,
				FE16761F180F3BCC00CA48E2 /* GHHViewPodcastController.m */,
				FE2F319818076767008910DD /* GHHViewController.h */,
				FE2F319918076767008910DD /* GHHViewController.m */,
			);
			name = ViewControllers;
			sourceTree = "<group>";
		};
/* End PBXGroup section */

/* Begin PBXNativeTarget section */
		FE2F317C18076767008910DD /* geek hub hello world */ = {
			isa = PBXNativeTarget;
			buildConfigurationList = FE2F31B218076767008910DD /* Build configuration list for PBXNativeTarget "geek hub hello world" */;
			buildPhases = (
				FE2F317918076767008910DD /* Sources */,
				FE2F317A18076767008910DD /* Frameworks */,
				FE2F317B18076767008910DD /* Resources */,
			);
			buildRules = (
			);
			dependencies = (
			);
			name = "geek hub hello world";
			productName = "geek hub hello world";
			productReference = FE2F317D18076767008910DD /* geek hub hello world.app */;
			productType = "com.apple.product-type.application";
		};
		FE2F31A018076767008910DD /* geek hub hello worldTests */ = {
			isa = PBXNativeTarget;
			buildConfigurationList = FE2F31B518076767008910DD /* Build configuration list for PBXNativeTarget "geek hub hello worldTests" */;
			buildPhases = (
				FE2F319D18076767008910DD /* Sources */,
				FE2F319E18076767008910DD /* Frameworks */,
				FE2F319F18076767008910DD /* Resources */,
			);
			buildRules = (
			);
			dependencies = (
				FE2F31A718076767008910DD /* PBXTargetDependency */,
			);
			name = "geek hub hello worldTests";
			productName = "geek hub hello worldTests";
			productReference = FE2F31A118076767008910DD /* geek hub hello worldTests.xctest */;
			productType = "com.apple.product-type.bundle.unit-test";
		};
/* End PBXNativeTarget section */

/* Begin PBXProject section */
		FE2F317518076767008910DD /* Project object */ = {
			isa = PBXProject;
			attributes = {
				CLASSPREFIX = GHH;
				LastUpgradeCheck = 0500;
				ORGANIZATIONNAME = "vitaliy pitvalo";
				TargetAttributes = {
					FE2F31A018076767008910DD = {
						TestTargetID = FE2F317C18076767008910DD;
					};
				};
			};
			buildConfigurationList = FE2F317818076767008910DD /* Build configuration list for PBXProject "geek hub hello world" */;
			compatibilityVersion = "Xcode 3.2";
			developmentRegion = English;
			hasScannedForEncodings = 0;
			knownRegions = (
				en,
				Base,
			);
			mainGroup = FE2F317418076767008910DD;
			productRefGroup = FE2F317E18076767008910DD /* Products */;
			projectDirPath = "";
			projectRoot = "";
			targets = (
				FE2F317C18076767008910DD /* geek hub hello world */,
				FE2F31A018076767008910DD /* geek hub hello worldTests */,
			);
		};
/* End PBXProject section */

/* Begin PBXResourcesBuildPhase section */
		FE2F317B18076767008910DD /* Resources */ = {
			isa = PBXResourcesBuildPhase;
			buildActionMask = 2147483647;
			files = (
				FE391FDE1838382C00F71C62 /* test.mp3 in Resources */,
				FE392005183BCC5700F71C62 /* player-bg.png in Resources */,
				FE391FFA1838BCC900F71C62 /* player-control-button-round-bg@2x.png in Resources */,
				FE391FF41838BC2600F71C62 /* player-control-15.png in Resources */,
				FE2F8E0818428B4600756DEA /* player-control-slider-progress-rigth@2x.png in Resources */,
				FE3920011838C88800F71C62 /* player-control-slider-progress.png in Resources */,
				FE2F8E0618428B4600756DEA /* player-control-slider-progress-left@2x.png in Resources */,
				FE2F319718076767008910DD /* Main_iPad.storyboard in Resources */,
				FE3920021838C88800F71C62 /* player-control-slider-progress@2x.png in Resources */,
				FE392006183BCC5700F71C62 /* player-bg@2x.png in Resources */,
				FE391FFE1838C23800F71C62 /* player-control-progres@2x.png in Resources */,
				FE2F8E0D1842979400756DEA /* player-navigationbar-back-image.png in Resources */,
				FE391FF91838BCC900F71C62 /* player-control-button-round-bg.png in Resources */,
				FE391FEF1838BC0200F71C62 /* player-control-pause@2x.png in Resources */,
				FE391FEE1838BC0200F71C62 /* player-control-15@2x.png in Resources */,
				FE2F319C18076767008910DD /* Images.xcassets in Resources */,
				FE2F319418076767008910DD /* Main_iPhone.storyboard in Resources */,
				FE391FF51838BC2600F71C62 /* player-control-pause.png in Resources */,
				FE2F8E0518428B4600756DEA /* player-control-slider-progress-left.png in Resources */,
				FE2F8E0718428B4600756DEA /* player-control-slider-progress-rigth.png in Resources */,
				FE2F8E111842AC3100756DEA /* palyer-back-btn.png in Resources */,
				FE391FF01838BC0200F71C62 /* player-control-right@2x.png in Resources */,
				FE391FF61838BC2600F71C62 /* player-control-right.png in Resources */,
				FE2F318B18076767008910DD /* InfoPlist.strings in Resources */,
				FE2F8E121842AC3100756DEA /* palyer-back-btn@2x.png in Resources */,
				FE2F8E0E1842979400756DEA /* player-navigationbar-back-image@2x.png in Resources */,
				FE391FFD1838C23800F71C62 /* player-control-progres.png in Resources */,
			);
			runOnlyForDeploymentPostprocessing = 0;
		};
		FE2F319F18076767008910DD /* Resources */ = {
			isa = PBXResourcesBuildPhase;
			buildActionMask = 2147483647;
			files = (
				FE2F31AD18076767008910DD /* InfoPlist.strings in Resources */,
			);
			runOnlyForDeploymentPostprocessing = 0;
		};
/* End PBXResourcesBuildPhase section */

/* Begin PBXSourcesBuildPhase section */
		FE2F317918076767008910DD /* Sources */ = {
			isa = PBXSourcesBuildPhase;
			buildActionMask = 2147483647;
			files = (
				FE5BE3E4181B67CC001FF07E /* UIImage+GIF.m in Sources */,
				FE5BE3DD181B67CC001FF07E /* SDWebImageCompat.m in Sources */,
				FE5BE3E3181B67CC001FF07E /* UIButton+WebCache.m in Sources */,
				FE5BE3E5181B67CC001FF07E /* UIImage+MultiFormat.m in Sources */,
				FE5BE3E2181B67CC001FF07E /* SDWebImagePrefetcher.m in Sources */,
				FE2F319A18076767008910DD /* GHHViewController.m in Sources */,
				FE5BE3DA181B67CC001FF07E /* MKAnnotationView+WebCache.m in Sources */,
				FE5BE3E6181B67CC001FF07E /* UIImage+WebP.m in Sources */,
				FE167621180F3BCC00CA48E2 /* GHHViewPodcastController.m in Sources */,
				FE5BE3E0181B67CC001FF07E /* SDWebImageDownloaderOperation.m in Sources */,
				FE5BE3DE181B67CC001FF07E /* SDWebImageDecoder.m in Sources */,
				FE5BE3E7181B67CC001FF07E /* UIImageView+WebCache.m in Sources */,
				FE391FD91838243300F71C62 /* GHHPodcast.m in Sources */,
				FE2F319118076767008910DD /* GHHAppDelegate.m in Sources */,
				FE5BE3DB181B67CC001FF07E /* NSData+GIF.m in Sources */,
				FE5BE3DF181B67CC001FF07E /* SDWebImageDownloader.m in Sources */,
				FEFDE219181B4F010016C4F5 /* GHHPodcastEpisodeCell.m in Sources */,
				FE2F318D18076767008910DD /* main.m in Sources */,
				FE7C6427181B22C900C8DF11 /* Reachability.m in Sources */,
				FE5BE3E1181B67CC001FF07E /* SDWebImageManager.m in Sources */,
				FE7C642A181B40A300C8DF11 /* GDataXMLNode.m in Sources */,
				FE080824182424550056264D /* GHHPodcastModel.m in Sources */,
				FE391FCF1837F85100F71C62 /* GHHEpisode.m in Sources */,
				FE5BE3DC181B67CC001FF07E /* SDImageCache.m in Sources */,
			);
			runOnlyForDeploymentPostprocessing = 0;
		};
		FE2F319D18076767008910DD /* Sources */ = {
			isa = PBXSourcesBuildPhase;
			buildActionMask = 2147483647;
			files = (
				FE2F31AF18076767008910DD /* geek_hub_hello_worldTests.m in Sources */,
			);
			runOnlyForDeploymentPostprocessing = 0;
		};
/* End PBXSourcesBuildPhase section */

/* Begin PBXTargetDependency section */
		FE2F31A718076767008910DD /* PBXTargetDependency */ = {
			isa = PBXTargetDependency;
			target = FE2F317C18076767008910DD /* geek hub hello world */;
			targetProxy = FE2F31A618076767008910DD /* PBXContainerItemProxy */;
		};
/* End PBXTargetDependency section */

/* Begin PBXVariantGroup section */
		FE2F318918076767008910DD /* InfoPlist.strings */ = {
			isa = PBXVariantGroup;
			children = (
				FE2F318A18076767008910DD /* en */,
			);
			name = InfoPlist.strings;
			sourceTree = "<group>";
		};
		FE2F319218076767008910DD /* Main_iPhone.storyboard */ = {
			isa = PBXVariantGroup;
			children = (
				FE2F319318076767008910DD /* Base */,
			);
			name = Main_iPhone.storyboard;
			sourceTree = "<group>";
		};
		FE2F319518076767008910DD /* Main_iPad.storyboard */ = {
			isa = PBXVariantGroup;
			children = (
				FE2F319618076767008910DD /* Base */,
			);
			name = Main_iPad.storyboard;
			sourceTree = "<group>";
		};
		FE2F31AB18076767008910DD /* InfoPlist.strings */ = {
			isa = PBXVariantGroup;
			children = (
				FE2F31AC18076767008910DD /* en */,
			);
			name = InfoPlist.strings;
			sourceTree = "<group>";
		};
/* End PBXVariantGroup section */

/* Begin XCBuildConfiguration section */
		FE2F31B018076767008910DD /* Debug */ = {
			isa = XCBuildConfiguration;
			buildSettings = {
				ALWAYS_SEARCH_USER_PATHS = NO;
				ARCHS = "$(ARCHS_STANDARD_INCLUDING_64_BIT)";
				CLANG_CXX_LANGUAGE_STANDARD = "gnu++0x";
				CLANG_CXX_LIBRARY = "libc++";
				CLANG_ENABLE_MODULES = YES;
				CLANG_ENABLE_OBJC_ARC = YES;
				CLANG_WARN_BOOL_CONVERSION = YES;
				CLANG_WARN_CONSTANT_CONVERSION = YES;
				CLANG_WARN_DIRECT_OBJC_ISA_USAGE = YES_ERROR;
				CLANG_WARN_EMPTY_BODY = YES;
				CLANG_WARN_ENUM_CONVERSION = YES;
				CLANG_WARN_INT_CONVERSION = YES;
				CLANG_WARN_OBJC_ROOT_CLASS = YES_ERROR;
				CLANG_WARN__DUPLICATE_METHOD_MATCH = YES;
				"CODE_SIGN_IDENTITY[sdk=iphoneos*]" = "iPhone Developer";
				COPY_PHASE_STRIP = NO;
				GCC_C_LANGUAGE_STANDARD = gnu99;
				GCC_DYNAMIC_NO_PIC = NO;
				GCC_OPTIMIZATION_LEVEL = 0;
				GCC_PREPROCESSOR_DEFINITIONS = (
					"DEBUG=1",
					"$(inherited)",
				);
				GCC_SYMBOLS_PRIVATE_EXTERN = NO;
				GCC_WARN_64_TO_32_BIT_CONVERSION = YES;
				GCC_WARN_ABOUT_RETURN_TYPE = YES_ERROR;
				GCC_WARN_UNDECLARED_SELECTOR = YES;
				GCC_WARN_UNINITIALIZED_AUTOS = YES;
				GCC_WARN_UNUSED_FUNCTION = YES;
				GCC_WARN_UNUSED_VARIABLE = YES;
				HEADER_SEARCH_PATHS = (
					"$(inherited)",
					/Applications/Xcode.app/Contents/Developer/Toolchains/XcodeDefault.xctoolchain/usr/include,
					"$(SDKROOT)/usr/include/libxml2",
				);
				IPHONEOS_DEPLOYMENT_TARGET = 7.0;
				ONLY_ACTIVE_ARCH = YES;
				SDKROOT = iphoneos;
				TARGETED_DEVICE_FAMILY = "1,2";
			};
			name = Debug;
		};
		FE2F31B118076767008910DD /* Release */ = {
			isa = XCBuildConfiguration;
			buildSettings = {
				ALWAYS_SEARCH_USER_PATHS = NO;
				ARCHS = "$(ARCHS_STANDARD_INCLUDING_64_BIT)";
				CLANG_CXX_LANGUAGE_STANDARD = "gnu++0x";
				CLANG_CXX_LIBRARY = "libc++";
				CLANG_ENABLE_MODULES = YES;
				CLANG_ENABLE_OBJC_ARC = YES;
				CLANG_WARN_BOOL_CONVERSION = YES;
				CLANG_WARN_CONSTANT_CONVERSION = YES;
				CLANG_WARN_DIRECT_OBJC_ISA_USAGE = YES_ERROR;
				CLANG_WARN_EMPTY_BODY = YES;
				CLANG_WARN_ENUM_CONVERSION = YES;
				CLANG_WARN_INT_CONVERSION = YES;
				CLANG_WARN_OBJC_ROOT_CLASS = YES_ERROR;
				CLANG_WARN__DUPLICATE_METHOD_MATCH = YES;
				"CODE_SIGN_IDENTITY[sdk=iphoneos*]" = "iPhone Developer";
				COPY_PHASE_STRIP = YES;
				ENABLE_NS_ASSERTIONS = NO;
				GCC_C_LANGUAGE_STANDARD = gnu99;
				GCC_WARN_64_TO_32_BIT_CONVERSION = YES;
				GCC_WARN_ABOUT_RETURN_TYPE = YES_ERROR;
				GCC_WARN_UNDECLARED_SELECTOR = YES;
				GCC_WARN_UNINITIALIZED_AUTOS = YES;
				GCC_WARN_UNUSED_FUNCTION = YES;
				GCC_WARN_UNUSED_VARIABLE = YES;
				HEADER_SEARCH_PATHS = (
					"$(inherited)",
					/Applications/Xcode.app/Contents/Developer/Toolchains/XcodeDefault.xctoolchain/usr/include,
					"$(SDKROOT)/usr/include/libxml2",
				);
				IPHONEOS_DEPLOYMENT_TARGET = 7.0;
				SDKROOT = iphoneos;
				TARGETED_DEVICE_FAMILY = "1,2";
				VALIDATE_PRODUCT = YES;
			};
			name = Release;
		};
		FE2F31B318076767008910DD /* Debug */ = {
			isa = XCBuildConfiguration;
			buildSettings = {
				ASSETCATALOG_COMPILER_APPICON_NAME = AppIcon;
				ASSETCATALOG_COMPILER_LAUNCHIMAGE_NAME = LaunchImage;
				GCC_PRECOMPILE_PREFIX_HEADER = YES;
				GCC_PREFIX_HEADER = "geek hub hello world/geek hub hello world-Prefix.pch";
				INFOPLIST_FILE = "geek hub hello world/geek hub hello world-Info.plist";
				IPHONEOS_DEPLOYMENT_TARGET = 6.1;
				PRODUCT_NAME = "$(TARGET_NAME)";
				WRAPPER_EXTENSION = app;
			};
			name = Debug;
		};
		FE2F31B418076767008910DD /* Release */ = {
			isa = XCBuildConfiguration;
			buildSettings = {
				ASSETCATALOG_COMPILER_APPICON_NAME = AppIcon;
				ASSETCATALOG_COMPILER_LAUNCHIMAGE_NAME = LaunchImage;
				GCC_PRECOMPILE_PREFIX_HEADER = YES;
				GCC_PREFIX_HEADER = "geek hub hello world/geek hub hello world-Prefix.pch";
				INFOPLIST_FILE = "geek hub hello world/geek hub hello world-Info.plist";
				IPHONEOS_DEPLOYMENT_TARGET = 6.1;
				PRODUCT_NAME = "$(TARGET_NAME)";
				WRAPPER_EXTENSION = app;
			};
			name = Release;
		};
		FE2F31B618076767008910DD /* Debug */ = {
			isa = XCBuildConfiguration;
			buildSettings = {
				ARCHS = "$(ARCHS_STANDARD_INCLUDING_64_BIT)";
				BUNDLE_LOADER = "$(BUILT_PRODUCTS_DIR)/geek hub hello world.app/geek hub hello world";
				FRAMEWORK_SEARCH_PATHS = (
					"$(SDKROOT)/Developer/Library/Frameworks",
					"$(inherited)",
					"$(DEVELOPER_FRAMEWORKS_DIR)",
				);
				GCC_PRECOMPILE_PREFIX_HEADER = YES;
				GCC_PREFIX_HEADER = "geek hub hello world/geek hub hello world-Prefix.pch";
				GCC_PREPROCESSOR_DEFINITIONS = (
					"DEBUG=1",
					"$(inherited)",
				);
				INFOPLIST_FILE = "geek hub hello worldTests/geek hub hello worldTests-Info.plist";
				PRODUCT_NAME = "$(TARGET_NAME)";
				TEST_HOST = "$(BUNDLE_LOADER)";
				WRAPPER_EXTENSION = xctest;
			};
			name = Debug;
		};
		FE2F31B718076767008910DD /* Release */ = {
			isa = XCBuildConfiguration;
			buildSettings = {
				ARCHS = "$(ARCHS_STANDARD_INCLUDING_64_BIT)";
				BUNDLE_LOADER = "$(BUILT_PRODUCTS_DIR)/geek hub hello world.app/geek hub hello world";
				FRAMEWORK_SEARCH_PATHS = (
					"$(SDKROOT)/Developer/Library/Frameworks",
					"$(inherited)",
					"$(DEVELOPER_FRAMEWORKS_DIR)",
				);
				GCC_PRECOMPILE_PREFIX_HEADER = YES;
				GCC_PREFIX_HEADER = "geek hub hello world/geek hub hello world-Prefix.pch";
				INFOPLIST_FILE = "geek hub hello worldTests/geek hub hello worldTests-Info.plist";
				PRODUCT_NAME = "$(TARGET_NAME)";
				TEST_HOST = "$(BUNDLE_LOADER)";
				WRAPPER_EXTENSION = xctest;
			};
			name = Release;
		};
/* End XCBuildConfiguration section */

/* Begin XCConfigurationList section */
		FE2F317818076767008910DD /* Build configuration list for PBXProject "geek hub hello world" */ = {
			isa = XCConfigurationList;
			buildConfigurations = (
				FE2F31B018076767008910DD /* Debug */,
				FE2F31B118076767008910DD /* Release */,
			);
			defaultConfigurationIsVisible = 0;
			defaultConfigurationName = Release;
		};
		FE2F31B218076767008910DD /* Build configuration list for PBXNativeTarget "geek hub hello world" */ = {
			isa = XCConfigurationList;
			buildConfigurations = (
				FE2F31B318076767008910DD /* Debug */,
				FE2F31B418076767008910DD /* Release */,
			);
			defaultConfigurationIsVisible = 0;
			defaultConfigurationName = Release;
		};
		FE2F31B518076767008910DD /* Build configuration list for PBXNativeTarget "geek hub hello worldTests" */ = {
			isa = XCConfigurationList;
			buildConfigurations = (
				FE2F31B618076767008910DD /* Debug */,
				FE2F31B718076767008910DD /* Release */,
			);
			defaultConfigurationIsVisible = 0;
			defaultConfigurationName = Release;
		};
/* End XCConfigurationList section */
	};
	rootObject = FE2F317518076767008910DD /* Project object */;
}
